
Microsoft Visual Studio Solution File, Format Version 12.00
# Visual Studio Version 17
VisualStudioVersion = 17.13.35931.197
MinimumVisualStudioVersion = 10.0.40219.1
Project("{FAE04EC0-301F-11D3-BF4B-00C04F79EFBC}") = "PruebaConcepto", "PruebaConcepto\PruebaConcepto.csproj", "{49DA69DA-55A3-43B9-BD0D-47E55B4EB1B6}"
EndProject
Global
	GlobalSection(SolutionConfigurationPlatforms) = preSolution
		Debug|Any CPU = Debug|Any CPU
		Release|Any CPU = Release|Any CPU
	EndGlobalSection
	GlobalSection(ProjectConfigurationPlatforms) = postSolution
		{49DA69DA-55A3-43B9-BD0D-47E55B4EB1B6}.Debug|Any CPU.ActiveCfg = Debug|Any CPU
		{49DA69DA-55A3-43B9-BD0D-47E55B4EB1B6}.Debug|Any CPU.Build.0 = Debug|Any CPU
		{49DA69DA-55A3-43B9-BD0D-47E55B4EB1B6}.Release|Any CPU.ActiveCfg = Release|Any CPU
		{49DA69DA-55A3-43B9-BD0D-47E55B4EB1B6}.Release|Any CPU.Build.0 = Release|Any CPU
	EndGlobalSection
	GlobalSection(SolutionProperties) = preSolution
		HideSolutionNode = FALSE
	EndGlobalSection
	GlobalSection(ExtensibilityGlobals) = postSolution
		SolutionGuid = {D5C770DC-D58E-43D9-9151-6A63085F3BBC}
	EndGlobalSection
EndGlobal
